
Microsoft Visual Studio Solution File, Format Version 12.00
# Visual Studio 15
VisualStudioVersion = 15.0.27004.2005
MinimumVisualStudioVersion = 10.0.40219.1
Project("{FAE04EC0-301F-11D3-BF4B-00C04F79EFBC}") = "MyMovies.Web", "MyMovies.Web\MyMovies.Web.csproj", "{2EC657FA-1D49-450A-B823-464DB0973B51}"
EndProject
Project("{9A19103F-16F7-4668-BE54-9A1E7A4F7556}") = "MyMovies.Domain", "MyMovies.Domain\MyMovies.Domain.csproj", "{C95F51DF-82CF-42C7-8918-06A223686A4D}"
EndProject
Project("{FAE04EC0-301F-11D3-BF4B-00C04F79EFBC}") = "MyMovies.Data", "MyMovies.Data\MyMovies.Data.csproj", "{FC96F18D-CFF7-4AB8-8D1B-A8346B9B4BC2}"
EndProject
Global
	GlobalSection(SolutionConfigurationPlatforms) = preSolution
		Debug|Any CPU = Debug|Any CPU
		Release|Any CPU = Release|Any CPU
	EndGlobalSection
	GlobalSection(ProjectConfigurationPlatforms) = postSolution
		{2EC657FA-1D49-450A-B823-464DB0973B51}.Debug|Any CPU.ActiveCfg = Debug|Any CPU
		{2EC657FA-1D49-450A-B823-464DB0973B51}.Debug|Any CPU.Build.0 = Debug|Any CPU
		{2EC657FA-1D49-450A-B823-464DB0973B51}.Release|Any CPU.ActiveCfg = Release|Any CPU
		{2EC657FA-1D49-450A-B823-464DB0973B51}.Release|Any CPU.Build.0 = Release|Any CPU
		{C95F51DF-82CF-42C7-8918-06A223686A4D}.Debug|Any CPU.ActiveCfg = Debug|Any CPU
		{C95F51DF-82CF-42C7-8918-06A223686A4D}.Debug|Any CPU.Build.0 = Debug|Any CPU
		{C95F51DF-82CF-42C7-8918-06A223686A4D}.Release|Any CPU.ActiveCfg = Release|Any CPU
		{C95F51DF-82CF-42C7-8918-06A223686A4D}.Release|Any CPU.Build.0 = Release|Any CPU
		{FC96F18D-CFF7-4AB8-8D1B-A8346B9B4BC2}.Debug|Any CPU.ActiveCfg = Debug|Any CPU
		{FC96F18D-CFF7-4AB8-8D1B-A8346B9B4BC2}.Debug|Any CPU.Build.0 = Debug|Any CPU
		{FC96F18D-CFF7-4AB8-8D1B-A8346B9B4BC2}.Release|Any CPU.ActiveCfg = Release|Any CPU
		{FC96F18D-CFF7-4AB8-8D1B-A8346B9B4BC2}.Release|Any CPU.Build.0 = Release|Any CPU
	EndGlobalSection
	GlobalSection(SolutionProperties) = preSolution
		HideSolutionNode = FALSE
	EndGlobalSection
	GlobalSection(ExtensibilityGlobals) = postSolution
		SolutionGuid = {B9BA5DA0-73F6-4118-84AB-A74960638C70}
	EndGlobalSection
EndGlobal
